
Microsoft Visual Studio Solution File, Format Version 12.00
# Visual Studio Version 16
VisualStudioVersion = 16.0.29201.188
MinimumVisualStudioVersion = 10.0.40219.1
Project("{FAE04EC0-301F-11D3-BF4B-00C04F79EFBC}") = "DogGenetics", "DogGenetics.csproj", "{A25DA632-D71C-4E74-9C96-A8318C9807B0}"
EndProject
Global
	GlobalSection(SolutionConfigurationPlatforms) = preSolution
		Debug|Any CPU = Debug|Any CPU
		Release|Any CPU = Release|Any CPU
	EndGlobalSection
	GlobalSection(ProjectConfigurationPlatforms) = postSolution
		{A25DA632-D71C-4E74-9C96-A8318C9807B0}.Debug|Any CPU.ActiveCfg = Debug|Any CPU
		{A25DA632-D71C-4E74-9C96-A8318C9807B0}.Debug|Any CPU.Build.0 = Debug|Any CPU
		{A25DA632-D71C-4E74-9C96-A8318C9807B0}.Release|Any CPU.ActiveCfg = Release|Any CPU
		{A25DA632-D71C-4E74-9C96-A8318C9807B0}.Release|Any CPU.Build.0 = Release|Any CPU
	EndGlobalSection
	GlobalSection(SolutionProperties) = preSolution
		HideSolutionNode = FALSE
	EndGlobalSection
	GlobalSection(ExtensibilityGlobals) = postSolution
		SolutionGuid = {CB7CB2B0-42F7-4B15-979A-273A63432962}
	EndGlobalSection
EndGlobal
